{
  "name": "bun_test",
  "version": "1.0.0",
  "lockfileVersion": 2,
  "requires": true,
  "packages": {
    "": {
      "name": "bun_test",
      "version": "1.0.0",
      "license": "ISC",
      "dependencies": {
        "uWebSockets.js": "github:uNetworking/uWebSockets.js#binaries"
      }
    },
    "node_modules/uWebSockets.js": {
      "version": "20.10.0",
      "resolved": "git+ssh://git@github.com/uNetworking/uWebSockets.js.git#b5050782314a2959684ada0f05c6e690f78ee762"
    }
  },
  "dependencies": {
    "uWebSockets.js": {
      "version": "git+ssh://git@github.com/uNetworking/uWebSockets.js.git#b5050782314a2959684ada0f05c6e690f78ee762",
      "from": "uWebSockets.js@github:uNetworking/uWebSockets.js#binaries"
    }
  }
}
